// !$*UTF8*$!
{
	archiveVersion = 1;
	classes = {
	};
	objectVersion = 50;
	objects = {

/* Begin PBXBuildFile section */
		F93468B82650E99A00210F75 /* 9251.swift in Sources */ = {isa = PBXBuildFile; fileRef = F93468B72650E99A00210F75 /* 9251.swift */; };
		F93468BC265104D800210F75 /* 1958.swift in Sources */ = {isa = PBXBuildFile; fileRef = F93468BB265104D800210F75 /* 1958.swift */; };
		F93468BF2651064900210F75 /* 9252.swift in Sources */ = {isa = PBXBuildFile; fileRef = F93468BE2651064900210F75 /* 9252.swift */; };
		F93468C3265116CB00210F75 /* 2225.swift in Sources */ = {isa = PBXBuildFile; fileRef = F93468C2265116CB00210F75 /* 2225.swift */; };
		F93468C62651781F00210F75 /* 14501.swift in Sources */ = {isa = PBXBuildFile; fileRef = F93468C52651781F00210F75 /* 14501.swift */; };
		F93469042654F9C700210F75 /* 10162.swift in Sources */ = {isa = PBXBuildFile; fileRef = F93469032654F9C700210F75 /* 10162.swift */; };
		F93469072654FEBD00210F75 /* 11508.swift in Sources */ = {isa = PBXBuildFile; fileRef = F93469062654FEBD00210F75 /* 11508.swift */; };
		F934690A265500B100210F75 /* 2839.swift in Sources */ = {isa = PBXBuildFile; fileRef = F9346909265500B100210F75 /* 2839.swift */; };
		F934690D2658C89400210F75 /* 7983.swift in Sources */ = {isa = PBXBuildFile; fileRef = F934690C2658C89300210F75 /* 7983.swift */; };
		F9ABFFBA262D1E0C00E6C3B5 /* 13276.swift in Sources */ = {isa = PBXBuildFile; fileRef = F9ABFFB9262D1E0C00E6C3B5 /* 13276.swift */; };
		F9ABFFBD2635B78F00E6C3B5 /* BST.swift in Sources */ = {isa = PBXBuildFile; fileRef = F9ABFFBC2635B78E00E6C3B5 /* BST.swift */; };
		F9B285662642877A0082F0E2 /* 1003.swift in Sources */ = {isa = PBXBuildFile; fileRef = F9B285652642877A0082F0E2 /* 1003.swift */; };
		F9C9A8B225F5E584001BAEA6 /* main.swift in Sources */ = {isa = PBXBuildFile; fileRef = F9C9A8B125F5E584001BAEA6 /* main.swift */; };
		F9C9A8BB25F5E597001BAEA6 /* 2750.swift in Sources */ = {isa = PBXBuildFile; fileRef = F9C9A8BA25F5E597001BAEA6 /* 2750.swift */; };
		F9C9A8BF25F5E65E001BAEA6 /* 2751.swift in Sources */ = {isa = PBXBuildFile; fileRef = F9C9A8BE25F5E65E001BAEA6 /* 2751.swift */; };
		F9C9A9FB260317AD001BAEA6 /* 10211.swift in Sources */ = {isa = PBXBuildFile; fileRef = F9C9A9FA260317AD001BAEA6 /* 10211.swift */; };
		F9C9AA0C26084FAB001BAEA6 /* Heap.swift in Sources */ = {isa = PBXBuildFile; fileRef = F9C9AA0B26084FAB001BAEA6 /* Heap.swift */; };
		F9E504B12648211E004A4B2B /* 10942.swift in Sources */ = {isa = PBXBuildFile; fileRef = F9E504B02648211E004A4B2B /* 10942.swift */; };
		F9E9FF162620787100F2BF90 /* Stack.swift in Sources */ = {isa = PBXBuildFile; fileRef = F9E9FF152620787100F2BF90 /* Stack.swift */; };
		F9E9FF1926207A7E00F2BF90 /* Queue.swift in Sources */ = {isa = PBXBuildFile; fileRef = F9E9FF1826207A7E00F2BF90 /* Queue.swift */; };
		F9E9FF1C2620837100F2BF90 /* 1918.swift in Sources */ = {isa = PBXBuildFile; fileRef = F9E9FF1B2620837100F2BF90 /* 1918.swift */; };
		F9E9FF1F2620A10F00F2BF90 /* 1966.swift in Sources */ = {isa = PBXBuildFile; fileRef = F9E9FF1E2620A10F00F2BF90 /* 1966.swift */; };
		F9E9FF222623E89B00F2BF90 /* 2504.swift in Sources */ = {isa = PBXBuildFile; fileRef = F9E9FF212623E89B00F2BF90 /* 2504.swift */; };
/* End PBXBuildFile section */

/* Begin PBXCopyFilesBuildPhase section */
		F9C9A8AC25F5E584001BAEA6 /* CopyFiles */ = {
			isa = PBXCopyFilesBuildPhase;
			buildActionMask = 2147483647;
			dstPath = /usr/share/man/man1/;
			dstSubfolderSpec = 0;
			files = (
			);
			runOnlyForDeploymentPostprocessing = 1;
		};
/* End PBXCopyFilesBuildPhase section */

/* Begin PBXFileReference section */
		F93468B72650E99A00210F75 /* 9251.swift */ = {isa = PBXFileReference; lastKnownFileType = sourcecode.swift; path = 9251.swift; sourceTree = "<group>"; };
		F93468BB265104D800210F75 /* 1958.swift */ = {isa = PBXFileReference; lastKnownFileType = sourcecode.swift; path = 1958.swift; sourceTree = "<group>"; };
		F93468BE2651064900210F75 /* 9252.swift */ = {isa = PBXFileReference; lastKnownFileType = sourcecode.swift; path = 9252.swift; sourceTree = "<group>"; };
		F93468C2265116CB00210F75 /* 2225.swift */ = {isa = PBXFileReference; lastKnownFileType = sourcecode.swift; path = 2225.swift; sourceTree = "<group>"; };
		F93468C52651781F00210F75 /* 14501.swift */ = {isa = PBXFileReference; lastKnownFileType = sourcecode.swift; path = 14501.swift; sourceTree = "<group>"; };
		F93469032654F9C700210F75 /* 10162.swift */ = {isa = PBXFileReference; lastKnownFileType = sourcecode.swift; path = 10162.swift; sourceTree = "<group>"; };
		F93469062654FEBD00210F75 /* 11508.swift */ = {isa = PBXFileReference; lastKnownFileType = sourcecode.swift; path = 11508.swift; sourceTree = "<group>"; };
		F9346909265500B100210F75 /* 2839.swift */ = {isa = PBXFileReference; lastKnownFileType = sourcecode.swift; path = 2839.swift; sourceTree = "<group>"; };
		F934690C2658C89300210F75 /* 7983.swift */ = {isa = PBXFileReference; lastKnownFileType = sourcecode.swift; path = 7983.swift; sourceTree = "<group>"; };
		F9ABFFB9262D1E0C00E6C3B5 /* 13276.swift */ = {isa = PBXFileReference; lastKnownFileType = sourcecode.swift; path = 13276.swift; sourceTree = "<group>"; };
		F9ABFFBC2635B78E00E6C3B5 /* BST.swift */ = {isa = PBXFileReference; lastKnownFileType = sourcecode.swift; path = BST.swift; sourceTree = "<group>"; };
		F9B285652642877A0082F0E2 /* 1003.swift */ = {isa = PBXFileReference; lastKnownFileType = sourcecode.swift; path = 1003.swift; sourceTree = "<group>"; };
		F9C9A8AE25F5E584001BAEA6 /* baekjoon */ = {isa = PBXFileReference; explicitFileType = "compiled.mach-o.executable"; includeInIndex = 0; path = baekjoon; sourceTree = BUILT_PRODUCTS_DIR; };
		F9C9A8B125F5E584001BAEA6 /* main.swift */ = {isa = PBXFileReference; lastKnownFileType = sourcecode.swift; path = main.swift; sourceTree = "<group>"; };
		F9C9A8BA25F5E597001BAEA6 /* 2750.swift */ = {isa = PBXFileReference; lastKnownFileType = sourcecode.swift; path = 2750.swift; sourceTree = "<group>"; };
		F9C9A8BE25F5E65E001BAEA6 /* 2751.swift */ = {isa = PBXFileReference; lastKnownFileType = sourcecode.swift; path = 2751.swift; sourceTree = "<group>"; };
		F9C9A9FA260317AD001BAEA6 /* 10211.swift */ = {isa = PBXFileReference; lastKnownFileType = sourcecode.swift; path = 10211.swift; sourceTree = "<group>"; };
		F9C9AA0B26084FAB001BAEA6 /* Heap.swift */ = {isa = PBXFileReference; lastKnownFileType = sourcecode.swift; path = Heap.swift; sourceTree = "<group>"; };
		F9E504B02648211E004A4B2B /* 10942.swift */ = {isa = PBXFileReference; lastKnownFileType = sourcecode.swift; path = 10942.swift; sourceTree = "<group>"; };
		F9E9FF152620787100F2BF90 /* Stack.swift */ = {isa = PBXFileReference; lastKnownFileType = sourcecode.swift; path = Stack.swift; sourceTree = "<group>"; };
		F9E9FF1826207A7E00F2BF90 /* Queue.swift */ = {isa = PBXFileReference; lastKnownFileType = sourcecode.swift; path = Queue.swift; sourceTree = "<group>"; };
		F9E9FF1B2620837100F2BF90 /* 1918.swift */ = {isa = PBXFileReference; lastKnownFileType = sourcecode.swift; path = 1918.swift; sourceTree = "<group>"; };
		F9E9FF1E2620A10F00F2BF90 /* 1966.swift */ = {isa = PBXFileReference; lastKnownFileType = sourcecode.swift; path = 1966.swift; sourceTree = "<group>"; };
		F9E9FF212623E89B00F2BF90 /* 2504.swift */ = {isa = PBXFileReference; lastKnownFileType = sourcecode.swift; path = 2504.swift; sourceTree = "<group>"; };
/* End PBXFileReference section */

/* Begin PBXFrameworksBuildPhase section */
		F9C9A8AB25F5E584001BAEA6 /* Frameworks */ = {
			isa = PBXFrameworksBuildPhase;
			buildActionMask = 2147483647;
			files = (
			);
			runOnlyForDeploymentPostprocessing = 0;
		};
/* End PBXFrameworksBuildPhase section */

/* Begin PBXGroup section */
		F9C9A8A525F5E584001BAEA6 = {
			isa = PBXGroup;
			children = (
				F9C9AA0A26084F98001BAEA6 /* dataStructure */,
				F9C9A8B925F5E58B001BAEA6 /* solutions */,
				F9C9A8B025F5E584001BAEA6 /* baekjoon */,
				F9C9A8AF25F5E584001BAEA6 /* Products */,
			);
			sourceTree = "<group>";
		};
		F9C9A8AF25F5E584001BAEA6 /* Products */ = {
			isa = PBXGroup;
			children = (
				F9C9A8AE25F5E584001BAEA6 /* baekjoon */,
			);
			name = Products;
			sourceTree = "<group>";
		};
		F9C9A8B025F5E584001BAEA6 /* baekjoon */ = {
			isa = PBXGroup;
			children = (
				F9C9A8B125F5E584001BAEA6 /* main.swift */,
			);
			path = baekjoon;
			sourceTree = "<group>";
		};
		F9C9A8B925F5E58B001BAEA6 /* solutions */ = {
			isa = PBXGroup;
			children = (
				F9C9A8BA25F5E597001BAEA6 /* 2750.swift */,
				F9C9A8BE25F5E65E001BAEA6 /* 2751.swift */,
				F9C9A9FA260317AD001BAEA6 /* 10211.swift */,
				F9E9FF1B2620837100F2BF90 /* 1918.swift */,
				F9E9FF1E2620A10F00F2BF90 /* 1966.swift */,
				F9E9FF212623E89B00F2BF90 /* 2504.swift */,
				F9ABFFB9262D1E0C00E6C3B5 /* 13276.swift */,
				F9B285652642877A0082F0E2 /* 1003.swift */,
				F9E504B02648211E004A4B2B /* 10942.swift */,
				F93468B72650E99A00210F75 /* 9251.swift */,
				F93468BE2651064900210F75 /* 9252.swift */,
				F93468BB265104D800210F75 /* 1958.swift */,
				F93468C2265116CB00210F75 /* 2225.swift */,
				F93468C52651781F00210F75 /* 14501.swift */,
				F93469032654F9C700210F75 /* 10162.swift */,
				F93469062654FEBD00210F75 /* 11508.swift */,
				F9346909265500B100210F75 /* 2839.swift */,
				F934690C2658C89300210F75 /* 7983.swift */,
			);
			path = solutions;
			sourceTree = "<group>";
		};
		F9C9AA0A26084F98001BAEA6 /* dataStructure */ = {
			isa = PBXGroup;
			children = (
				F9C9AA0B26084FAB001BAEA6 /* Heap.swift */,
				F9E9FF152620787100F2BF90 /* Stack.swift */,
				F9E9FF1826207A7E00F2BF90 /* Queue.swift */,
				F9ABFFBC2635B78E00E6C3B5 /* BST.swift */,
			);
			path = dataStructure;
			sourceTree = "<group>";
		};
/* End PBXGroup section */

/* Begin PBXNativeTarget section */
		F9C9A8AD25F5E584001BAEA6 /* baekjoon */ = {
			isa = PBXNativeTarget;
			buildConfigurationList = F9C9A8B525F5E584001BAEA6 /* Build configuration list for PBXNativeTarget "baekjoon" */;
			buildPhases = (
				F9C9A8AA25F5E584001BAEA6 /* Sources */,
				F9C9A8AB25F5E584001BAEA6 /* Frameworks */,
				F9C9A8AC25F5E584001BAEA6 /* CopyFiles */,
			);
			buildRules = (
			);
			dependencies = (
			);
			name = baekjoon;
			productName = baekjoon;
			productReference = F9C9A8AE25F5E584001BAEA6 /* baekjoon */;
			productType = "com.apple.product-type.tool";
		};
/* End PBXNativeTarget section */

/* Begin PBXProject section */
		F9C9A8A625F5E584001BAEA6 /* Project object */ = {
			isa = PBXProject;
			attributes = {
				LastSwiftUpdateCheck = 1240;
				LastUpgradeCheck = 1240;
				TargetAttributes = {
					F9C9A8AD25F5E584001BAEA6 = {
						CreatedOnToolsVersion = 12.4;
					};
				};
			};
			buildConfigurationList = F9C9A8A925F5E584001BAEA6 /* Build configuration list for PBXProject "baekjoon" */;
			compatibilityVersion = "Xcode 9.3";
			developmentRegion = en;
			hasScannedForEncodings = 0;
			knownRegions = (
				en,
				Base,
			);
			mainGroup = F9C9A8A525F5E584001BAEA6;
			productRefGroup = F9C9A8AF25F5E584001BAEA6 /* Products */;
			projectDirPath = "";
			projectRoot = "";
			targets = (
				F9C9A8AD25F5E584001BAEA6 /* baekjoon */,
			);
		};
/* End PBXProject section */

/* Begin PBXSourcesBuildPhase section */
		F9C9A8AA25F5E584001BAEA6 /* Sources */ = {
			isa = PBXSourcesBuildPhase;
			buildActionMask = 2147483647;
			files = (
				F9E9FF222623E89B00F2BF90 /* 2504.swift in Sources */,
				F9B285662642877A0082F0E2 /* 1003.swift in Sources */,
				F9ABFFBD2635B78F00E6C3B5 /* BST.swift in Sources */,
				F9E9FF1C2620837100F2BF90 /* 1918.swift in Sources */,
				F93469042654F9C700210F75 /* 10162.swift in Sources */,
				F9C9A8B225F5E584001BAEA6 /* main.swift in Sources */,
				F9E9FF1926207A7E00F2BF90 /* Queue.swift in Sources */,
				F9ABFFBA262D1E0C00E6C3B5 /* 13276.swift in Sources */,
				F93468B82650E99A00210F75 /* 9251.swift in Sources */,
				F93468C3265116CB00210F75 /* 2225.swift in Sources */,
				F9C9A8BF25F5E65E001BAEA6 /* 2751.swift in Sources */,
				F9C9AA0C26084FAB001BAEA6 /* Heap.swift in Sources */,
				F9C9A8BB25F5E597001BAEA6 /* 2750.swift in Sources */,
				F9E9FF162620787100F2BF90 /* Stack.swift in Sources */,
				F934690D2658C89400210F75 /* 7983.swift in Sources */,
				F93468C62651781F00210F75 /* 14501.swift in Sources */,
				F934690A265500B100210F75 /* 2839.swift in Sources */,
				F93468BC265104D800210F75 /* 1958.swift in Sources */,
				F93468BF2651064900210F75 /* 9252.swift in Sources */,
				F9E9FF1F2620A10F00F2BF90 /* 1966.swift in Sources */,
				F9E504B12648211E004A4B2B /* 10942.swift in Sources */,
				F9C9A9FB260317AD001BAEA6 /* 10211.swift in Sources */,
				F93469072654FEBD00210F75 /* 11508.swift in Sources */,
			);
			runOnlyForDeploymentPostprocessing = 0;
		};
/* End PBXSourcesBuildPhase section */

/* Begin XCBuildConfiguration section */
		F9C9A8B325F5E584001BAEA6 /* Debug */ = {
			isa = XCBuildConfiguration;
			buildSettings = {
				ALWAYS_SEARCH_USER_PATHS = NO;
				CLANG_ANALYZER_NONNULL = YES;
				CLANG_ANALYZER_NUMBER_OBJECT_CONVERSION = YES_AGGRESSIVE;
				CLANG_CXX_LANGUAGE_STANDARD = "gnu++14";
				CLANG_CXX_LIBRARY = "libc++";
				CLANG_ENABLE_MODULES = YES;
				CLANG_ENABLE_OBJC_ARC = YES;
				CLANG_ENABLE_OBJC_WEAK = YES;
				CLANG_WARN_BLOCK_CAPTURE_AUTORELEASING = YES;
				CLANG_WARN_BOOL_CONVERSION = YES;
				CLANG_WARN_COMMA = YES;
				CLANG_WARN_CONSTANT_CONVERSION = YES;
				CLANG_WARN_DEPRECATED_OBJC_IMPLEMENTATIONS = YES;
				CLANG_WARN_DIRECT_OBJC_ISA_USAGE = YES_ERROR;
				CLANG_WARN_DOCUMENTATION_COMMENTS = YES;
				CLANG_WARN_EMPTY_BODY = YES;
				CLANG_WARN_ENUM_CONVERSION = YES;
				CLANG_WARN_INFINITE_RECURSION = YES;
				CLANG_WARN_INT_CONVERSION = YES;
				CLANG_WARN_NON_LITERAL_NULL_CONVERSION = YES;
				CLANG_WARN_OBJC_IMPLICIT_RETAIN_SELF = YES;
				CLANG_WARN_OBJC_LITERAL_CONVERSION = YES;
				CLANG_WARN_OBJC_ROOT_CLASS = YES_ERROR;
				CLANG_WARN_QUOTED_INCLUDE_IN_FRAMEWORK_HEADER = YES;
				CLANG_WARN_RANGE_LOOP_ANALYSIS = YES;
				CLANG_WARN_STRICT_PROTOTYPES = YES;
				CLANG_WARN_SUSPICIOUS_MOVE = YES;
				CLANG_WARN_UNGUARDED_AVAILABILITY = YES_AGGRESSIVE;
				CLANG_WARN_UNREACHABLE_CODE = YES;
				CLANG_WARN__DUPLICATE_METHOD_MATCH = YES;
				COPY_PHASE_STRIP = NO;
				DEBUG_INFORMATION_FORMAT = dwarf;
				ENABLE_STRICT_OBJC_MSGSEND = YES;
				ENABLE_TESTABILITY = YES;
				GCC_C_LANGUAGE_STANDARD = gnu11;
				GCC_DYNAMIC_NO_PIC = NO;
				GCC_NO_COMMON_BLOCKS = YES;
				GCC_OPTIMIZATION_LEVEL = 0;
				GCC_PREPROCESSOR_DEFINITIONS = (
					"DEBUG=1",
					"$(inherited)",
				);
				GCC_WARN_64_TO_32_BIT_CONVERSION = YES;
				GCC_WARN_ABOUT_RETURN_TYPE = YES_ERROR;
				GCC_WARN_UNDECLARED_SELECTOR = YES;
				GCC_WARN_UNINITIALIZED_AUTOS = YES_AGGRESSIVE;
				GCC_WARN_UNUSED_FUNCTION = YES;
				GCC_WARN_UNUSED_VARIABLE = YES;
				MACOSX_DEPLOYMENT_TARGET = 10.15;
				MTL_ENABLE_DEBUG_INFO = INCLUDE_SOURCE;
				MTL_FAST_MATH = YES;
				ONLY_ACTIVE_ARCH = YES;
				SDKROOT = macosx;
				SWIFT_ACTIVE_COMPILATION_CONDITIONS = DEBUG;
				SWIFT_OPTIMIZATION_LEVEL = "-Onone";
			};
			name = Debug;
		};
		F9C9A8B425F5E584001BAEA6 /* Release */ = {
			isa = XCBuildConfiguration;
			buildSettings = {
				ALWAYS_SEARCH_USER_PATHS = NO;
				CLANG_ANALYZER_NONNULL = YES;
				CLANG_ANALYZER_NUMBER_OBJECT_CONVERSION = YES_AGGRESSIVE;
				CLANG_CXX_LANGUAGE_STANDARD = "gnu++14";
				CLANG_CXX_LIBRARY = "libc++";
				CLANG_ENABLE_MODULES = YES;
				CLANG_ENABLE_OBJC_ARC = YES;
				CLANG_ENABLE_OBJC_WEAK = YES;
				CLANG_WARN_BLOCK_CAPTURE_AUTORELEASING = YES;
				CLANG_WARN_BOOL_CONVERSION = YES;
				CLANG_WARN_COMMA = YES;
				CLANG_WARN_CONSTANT_CONVERSION = YES;
				CLANG_WARN_DEPRECATED_OBJC_IMPLEMENTATIONS = YES;
				CLANG_WARN_DIRECT_OBJC_ISA_USAGE = YES_ERROR;
				CLANG_WARN_DOCUMENTATION_COMMENTS = YES;
				CLANG_WARN_EMPTY_BODY = YES;
				CLANG_WARN_ENUM_CONVERSION = YES;
				CLANG_WARN_INFINITE_RECURSION = YES;
				CLANG_WARN_INT_CONVERSION = YES;
				CLANG_WARN_NON_LITERAL_NULL_CONVERSION = YES;
				CLANG_WARN_OBJC_IMPLICIT_RETAIN_SELF = YES;
				CLANG_WARN_OBJC_LITERAL_CONVERSION = YES;
				CLANG_WARN_OBJC_ROOT_CLASS = YES_ERROR;
				CLANG_WARN_QUOTED_INCLUDE_IN_FRAMEWORK_HEADER = YES;
				CLANG_WARN_RANGE_LOOP_ANALYSIS = YES;
				CLANG_WARN_STRICT_PROTOTYPES = YES;
				CLANG_WARN_SUSPICIOUS_MOVE = YES;
				CLANG_WARN_UNGUARDED_AVAILABILITY = YES_AGGRESSIVE;
				CLANG_WARN_UNREACHABLE_CODE = YES;
				CLANG_WARN__DUPLICATE_METHOD_MATCH = YES;
				COPY_PHASE_STRIP = NO;
				DEBUG_INFORMATION_FORMAT = "dwarf-with-dsym";
				ENABLE_NS_ASSERTIONS = NO;
				ENABLE_STRICT_OBJC_MSGSEND = YES;
				GCC_C_LANGUAGE_STANDARD = gnu11;
				GCC_NO_COMMON_BLOCKS = YES;
				GCC_WARN_64_TO_32_BIT_CONVERSION = YES;
				GCC_WARN_ABOUT_RETURN_TYPE = YES_ERROR;
				GCC_WARN_UNDECLARED_SELECTOR = YES;
				GCC_WARN_UNINITIALIZED_AUTOS = YES_AGGRESSIVE;
				GCC_WARN_UNUSED_FUNCTION = YES;
				GCC_WARN_UNUSED_VARIABLE = YES;
				MACOSX_DEPLOYMENT_TARGET = 10.15;
				MTL_ENABLE_DEBUG_INFO = NO;
				MTL_FAST_MATH = YES;
				SDKROOT = macosx;
				SWIFT_COMPILATION_MODE = wholemodule;
				SWIFT_OPTIMIZATION_LEVEL = "-O";
			};
			name = Release;
		};
		F9C9A8B625F5E584001BAEA6 /* Debug */ = {
			isa = XCBuildConfiguration;
			buildSettings = {
				CODE_SIGN_STYLE = Automatic;
				DEVELOPMENT_TEAM = 4BNK27X5VR;
				ENABLE_HARDENED_RUNTIME = YES;
				PRODUCT_NAME = "$(TARGET_NAME)";
				SWIFT_VERSION = 5.0;
			};
			name = Debug;
		};
		F9C9A8B725F5E584001BAEA6 /* Release */ = {
			isa = XCBuildConfiguration;
			buildSettings = {
				CODE_SIGN_STYLE = Automatic;
				DEVELOPMENT_TEAM = 4BNK27X5VR;
				ENABLE_HARDENED_RUNTIME = YES;
				PRODUCT_NAME = "$(TARGET_NAME)";
				SWIFT_VERSION = 5.0;
			};
			name = Release;
		};
/* End XCBuildConfiguration section */

/* Begin XCConfigurationList section */
		F9C9A8A925F5E584001BAEA6 /* Build configuration list for PBXProject "baekjoon" */ = {
			isa = XCConfigurationList;
			buildConfigurations = (
				F9C9A8B325F5E584001BAEA6 /* Debug */,
				F9C9A8B425F5E584001BAEA6 /* Release */,
			);
			defaultConfigurationIsVisible = 0;
			defaultConfigurationName = Release;
		};
		F9C9A8B525F5E584001BAEA6 /* Build configuration list for PBXNativeTarget "baekjoon" */ = {
			isa = XCConfigurationList;
			buildConfigurations = (
				F9C9A8B625F5E584001BAEA6 /* Debug */,
				F9C9A8B725F5E584001BAEA6 /* Release */,
			);
			defaultConfigurationIsVisible = 0;
			defaultConfigurationName = Release;
		};
/* End XCConfigurationList section */
	};
	rootObject = F9C9A8A625F5E584001BAEA6 /* Project object */;
}
